// !$*UTF8*$!
{
	archiveVersion = 1;
	classes = {
	};
	objectVersion = 51;
	objects = {

/* Begin PBXBuildFile section */
		3F18230925A0B59500C2F574 /* NSObject+A.m in Sources */ = {isa = PBXBuildFile; fileRef = 3F18230825A0B59500C2F574 /* NSObject+A.m */; };
		3F18230C25A0B5A000C2F574 /* NSObject+B.m in Sources */ = {isa = PBXBuildFile; fileRef = 3F18230B25A0B5A000C2F574 /* NSObject+B.m */; };
		3F8118C825A1C414005F6084 /* AlertViewController.m in Sources */ = {isa = PBXBuildFile; fileRef = 3F8118C725A1C414005F6084 /* AlertViewController.m */; };
		3F8118DC25A1DE0B005F6084 /* TKSlider.m in Sources */ = {isa = PBXBuildFile; fileRef = 3F8118D225A1DE0B005F6084 /* TKSlider.m */; };
		3F8118DE25A1DE0B005F6084 /* TKAlertView.m in Sources */ = {isa = PBXBuildFile; fileRef = 3F8118D725A1DE0B005F6084 /* TKAlertView.m */; };
		3F954E6025A1FA6400633D3F /* TKAlertView.xib in Resources */ = {isa = PBXBuildFile; fileRef = 3F954E5F25A1FA6400633D3F /* TKAlertView.xib */; };
		3F9987AA25A30350008E3479 /* TKUIBaseXib.m in Sources */ = {isa = PBXBuildFile; fileRef = 3F9987A925A30350008E3479 /* TKUIBaseXib.m */; };
		3F9987B125A3074E008E3479 /* TKKenBurnsView.m in Sources */ = {isa = PBXBuildFile; fileRef = 3F9987AD25A3074E008E3479 /* TKKenBurnsView.m */; };
		3F9987B225A3074E008E3479 /* UIView+General.m in Sources */ = {isa = PBXBuildFile; fileRef = 3F9987AE25A3074E008E3479 /* UIView+General.m */; };
		3F9987B825A3081C008E3479 /* TKSphereView.m in Sources */ = {isa = PBXBuildFile; fileRef = 3F9987B525A3081C008E3479 /* TKSphereView.m */; };
		3F9987BE25A30FD6008E3479 /* TKAlertController.m in Sources */ = {isa = PBXBuildFile; fileRef = 3F9987BD25A30FD6008E3479 /* TKAlertController.m */; };
		3F9987C125A314CB008E3479 /* UIView+Controller.m in Sources */ = {isa = PBXBuildFile; fileRef = 3F9987C025A314CB008E3479 /* UIView+Controller.m */; };
		3F9987C425A32428008E3479 /* UIAlertAction+Mark.m in Sources */ = {isa = PBXBuildFile; fileRef = 3F9987C325A32428008E3479 /* UIAlertAction+Mark.m */; };
		3F9987CA25A348C9008E3479 /* TKAnimation.m in Sources */ = {isa = PBXBuildFile; fileRef = 3F9987C925A348C9008E3479 /* TKAnimation.m */; };
		3F9987CD25A34938008E3479 /* TKMBProgressHUD.m in Sources */ = {isa = PBXBuildFile; fileRef = 3F9987CC25A34938008E3479 /* TKMBProgressHUD.m */; };
		3F9987D125A353C0008E3479 /* TKSystemPhotoPicker.m in Sources */ = {isa = PBXBuildFile; fileRef = 3F9987D025A353C0008E3479 /* TKSystemPhotoPicker.m */; };
		3FD9F9A1259DAE220034B8D1 /* AppDelegate.m in Sources */ = {isa = PBXBuildFile; fileRef = 3FD9F9A0259DAE220034B8D1 /* AppDelegate.m */; };
		3FD9F9A4259DAE220034B8D1 /* SceneDelegate.m in Sources */ = {isa = PBXBuildFile; fileRef = 3FD9F9A3259DAE220034B8D1 /* SceneDelegate.m */; };
		3FD9F9A7259DAE220034B8D1 /* ViewController.m in Sources */ = {isa = PBXBuildFile; fileRef = 3FD9F9A6259DAE220034B8D1 /* ViewController.m */; };
		3FD9F9AA259DAE220034B8D1 /* Main.storyboard in Resources */ = {isa = PBXBuildFile; fileRef = 3FD9F9A8259DAE220034B8D1 /* Main.storyboard */; };
		3FD9F9AC259DAE230034B8D1 /* Assets.xcassets in Resources */ = {isa = PBXBuildFile; fileRef = 3FD9F9AB259DAE230034B8D1 /* Assets.xcassets */; };
		3FD9F9AF259DAE230034B8D1 /* LaunchScreen.storyboard in Resources */ = {isa = PBXBuildFile; fileRef = 3FD9F9AD259DAE230034B8D1 /* LaunchScreen.storyboard */; };
		3FD9F9B2259DAE230034B8D1 /* main.m in Sources */ = {isa = PBXBuildFile; fileRef = 3FD9F9B1259DAE230034B8D1 /* main.m */; };
		3FD9F9C3259DB20A0034B8D1 /* TableViewController.m in Sources */ = {isa = PBXBuildFile; fileRef = 3FD9F9C2259DB20A0034B8D1 /* TableViewController.m */; };
		3FD9F9C7259DB2440034B8D1 /* SilderViewController.m in Sources */ = {isa = PBXBuildFile; fileRef = 3FD9F9C6259DB2440034B8D1 /* SilderViewController.m */; };
		3FD9F9CA259DB2600034B8D1 /* BaseViewViewController.m in Sources */ = {isa = PBXBuildFile; fileRef = 3FD9F9C9259DB2600034B8D1 /* BaseViewViewController.m */; };
		9AD73BCE6FED567D38AA845B /* Pods_TKUIKitDemo.framework in Frameworks */ = {isa = PBXBuildFile; fileRef = CB84E9E1CC19A4A233A191CE /* Pods_TKUIKitDemo.framework */; };
/* End PBXBuildFile section */

/* Begin PBXFileReference section */
		2E2F947C2C367C39646F4D22 /* Pods-TKUIKitDemo.release.xcconfig */ = {isa = PBXFileReference; includeInIndex = 1; lastKnownFileType = text.xcconfig; name = "Pods-TKUIKitDemo.release.xcconfig"; path = "Target Support Files/Pods-TKUIKitDemo/Pods-TKUIKitDemo.release.xcconfig"; sourceTree = "<group>"; };
		3F18230725A0B59500C2F574 /* NSObject+A.h */ = {isa = PBXFileReference; lastKnownFileType = sourcecode.c.h; path = "NSObject+A.h"; sourceTree = "<group>"; };
		3F18230825A0B59500C2F574 /* NSObject+A.m */ = {isa = PBXFileReference; lastKnownFileType = sourcecode.c.objc; path = "NSObject+A.m"; sourceTree = "<group>"; };
		3F18230A25A0B5A000C2F574 /* NSObject+B.h */ = {isa = PBXFileReference; lastKnownFileType = sourcecode.c.h; path = "NSObject+B.h"; sourceTree = "<group>"; };
		3F18230B25A0B5A000C2F574 /* NSObject+B.m */ = {isa = PBXFileReference; lastKnownFileType = sourcecode.c.objc; path = "NSObject+B.m"; sourceTree = "<group>"; };
		3F8118C625A1C414005F6084 /* AlertViewController.h */ = {isa = PBXFileReference; lastKnownFileType = sourcecode.c.h; path = AlertViewController.h; sourceTree = "<group>"; };
		3F8118C725A1C414005F6084 /* AlertViewController.m */ = {isa = PBXFileReference; lastKnownFileType = sourcecode.c.objc; path = AlertViewController.m; sourceTree = "<group>"; };
		3F8118D025A1DE0B005F6084 /* TKUIKit.h */ = {isa = PBXFileReference; fileEncoding = 4; lastKnownFileType = sourcecode.c.h; path = TKUIKit.h; sourceTree = "<group>"; };
		3F8118D225A1DE0B005F6084 /* TKSlider.m */ = {isa = PBXFileReference; fileEncoding = 4; lastKnownFileType = sourcecode.c.objc; path = TKSlider.m; sourceTree = "<group>"; };
		3F8118D325A1DE0B005F6084 /* TKAlertView.h */ = {isa = PBXFileReference; fileEncoding = 4; lastKnownFileType = sourcecode.c.h; path = TKAlertView.h; sourceTree = "<group>"; };
		3F8118D525A1DE0B005F6084 /* TKViewDefine.h */ = {isa = PBXFileReference; fileEncoding = 4; lastKnownFileType = sourcecode.c.h; path = TKViewDefine.h; sourceTree = "<group>"; };
		3F8118D625A1DE0B005F6084 /* TKSlider.h */ = {isa = PBXFileReference; fileEncoding = 4; lastKnownFileType = sourcecode.c.h; path = TKSlider.h; sourceTree = "<group>"; };
		3F8118D725A1DE0B005F6084 /* TKAlertView.m */ = {isa = PBXFileReference; fileEncoding = 4; lastKnownFileType = sourcecode.c.objc; path = TKAlertView.m; sourceTree = "<group>"; };
		3F954E5F25A1FA6400633D3F /* TKAlertView.xib */ = {isa = PBXFileReference; fileEncoding = 4; lastKnownFileType = file.xib; path = TKAlertView.xib; sourceTree = "<group>"; };
		3F9987A725A2FE17008E3479 /* TKUIImportSDK.h */ = {isa = PBXFileReference; lastKnownFileType = sourcecode.c.h; path = TKUIImportSDK.h; sourceTree = "<group>"; };
		3F9987A825A30350008E3479 /* TKUIBaseXib.h */ = {isa = PBXFileReference; lastKnownFileType = sourcecode.c.h; path = TKUIBaseXib.h; sourceTree = "<group>"; };
		3F9987A925A30350008E3479 /* TKUIBaseXib.m */ = {isa = PBXFileReference; lastKnownFileType = sourcecode.c.objc; path = TKUIBaseXib.m; sourceTree = "<group>"; };
		3F9987AD25A3074E008E3479 /* TKKenBurnsView.m */ = {isa = PBXFileReference; fileEncoding = 4; lastKnownFileType = sourcecode.c.objc; path = TKKenBurnsView.m; sourceTree = "<group>"; };
		3F9987AE25A3074E008E3479 /* UIView+General.m */ = {isa = PBXFileReference; fileEncoding = 4; lastKnownFileType = sourcecode.c.objc; path = "UIView+General.m"; sourceTree = "<group>"; };
		3F9987AF25A3074E008E3479 /* TKKenBurnsView.h */ = {isa = PBXFileReference; fileEncoding = 4; lastKnownFileType = sourcecode.c.h; path = TKKenBurnsView.h; sourceTree = "<group>"; };
		3F9987B025A3074E008E3479 /* UIView+General.h */ = {isa = PBXFileReference; fileEncoding = 4; lastKnownFileType = sourcecode.c.h; path = "UIView+General.h"; sourceTree = "<group>"; };
		3F9987B425A3081C008E3479 /* TKPoint.h */ = {isa = PBXFileReference; fileEncoding = 4; lastKnownFileType = sourcecode.c.h; path = TKPoint.h; sourceTree = "<group>"; };
		3F9987B525A3081C008E3479 /* TKSphereView.m */ = {isa = PBXFileReference; fileEncoding = 4; lastKnownFileType = sourcecode.c.objc; path = TKSphereView.m; sourceTree = "<group>"; };
		3F9987B625A3081C008E3479 /* TKMatrix.h */ = {isa = PBXFileReference; fileEncoding = 4; lastKnownFileType = sourcecode.c.h; path = TKMatrix.h; sourceTree = "<group>"; };
		3F9987B725A3081C008E3479 /* TKSphereView.h */ = {isa = PBXFileReference; fileEncoding = 4; lastKnownFileType = sourcecode.c.h; path = TKSphereView.h; sourceTree = "<group>"; };
		3F9987BB25A308E6008E3479 /* TKUICoreDefine.h */ = {isa = PBXFileReference; lastKnownFileType = sourcecode.c.h; path = TKUICoreDefine.h; sourceTree = "<group>"; };
		3F9987BC25A30FD6008E3479 /* TKAlertController.h */ = {isa = PBXFileReference; lastKnownFileType = sourcecode.c.h; path = TKAlertController.h; sourceTree = "<group>"; };
		3F9987BD25A30FD6008E3479 /* TKAlertController.m */ = {isa = PBXFileReference; lastKnownFileType = sourcecode.c.objc; path = TKAlertController.m; sourceTree = "<group>"; };
		3F9987BF25A314CB008E3479 /* UIView+Controller.h */ = {isa = PBXFileReference; lastKnownFileType = sourcecode.c.h; path = "UIView+Controller.h"; sourceTree = "<group>"; };
		3F9987C025A314CB008E3479 /* UIView+Controller.m */ = {isa = PBXFileReference; lastKnownFileType = sourcecode.c.objc; path = "UIView+Controller.m"; sourceTree = "<group>"; };
		3F9987C225A32428008E3479 /* UIAlertAction+Mark.h */ = {isa = PBXFileReference; lastKnownFileType = sourcecode.c.h; path = "UIAlertAction+Mark.h"; sourceTree = "<group>"; };
		3F9987C325A32428008E3479 /* UIAlertAction+Mark.m */ = {isa = PBXFileReference; lastKnownFileType = sourcecode.c.objc; path = "UIAlertAction+Mark.m"; sourceTree = "<group>"; };
		3F9987C825A348C9008E3479 /* TKAnimation.h */ = {isa = PBXFileReference; fileEncoding = 4; lastKnownFileType = sourcecode.c.h; path = TKAnimation.h; sourceTree = "<group>"; };
		3F9987C925A348C9008E3479 /* TKAnimation.m */ = {isa = PBXFileReference; fileEncoding = 4; lastKnownFileType = sourcecode.c.objc; path = TKAnimation.m; sourceTree = "<group>"; };
		3F9987CB25A34930008E3479 /* TKMBProgressHUD.h */ = {isa = PBXFileReference; fileEncoding = 4; lastKnownFileType = sourcecode.c.h; path = TKMBProgressHUD.h; sourceTree = "<group>"; };
		3F9987CC25A34938008E3479 /* TKMBProgressHUD.m */ = {isa = PBXFileReference; fileEncoding = 4; lastKnownFileType = sourcecode.c.objc; path = TKMBProgressHUD.m; sourceTree = "<group>"; };
		3F9987CF25A353C0008E3479 /* TKSystemPhotoPicker.h */ = {isa = PBXFileReference; lastKnownFileType = sourcecode.c.h; path = TKSystemPhotoPicker.h; sourceTree = "<group>"; };
		3F9987D025A353C0008E3479 /* TKSystemPhotoPicker.m */ = {isa = PBXFileReference; lastKnownFileType = sourcecode.c.objc; path = TKSystemPhotoPicker.m; sourceTree = "<group>"; };
		3FD9F99C259DAE220034B8D1 /* TKUIKitDemo.app */ = {isa = PBXFileReference; explicitFileType = wrapper.application; includeInIndex = 0; path = TKUIKitDemo.app; sourceTree = BUILT_PRODUCTS_DIR; };
		3FD9F99F259DAE220034B8D1 /* AppDelegate.h */ = {isa = PBXFileReference; lastKnownFileType = sourcecode.c.h; path = AppDelegate.h; sourceTree = "<group>"; };
		3FD9F9A0259DAE220034B8D1 /* AppDelegate.m */ = {isa = PBXFileReference; lastKnownFileType = sourcecode.c.objc; path = AppDelegate.m; sourceTree = "<group>"; };
		3FD9F9A2259DAE220034B8D1 /* SceneDelegate.h */ = {isa = PBXFileReference; lastKnownFileType = sourcecode.c.h; path = SceneDelegate.h; sourceTree = "<group>"; };
		3FD9F9A3259DAE220034B8D1 /* SceneDelegate.m */ = {isa = PBXFileReference; lastKnownFileType = sourcecode.c.objc; path = SceneDelegate.m; sourceTree = "<group>"; };
		3FD9F9A5259DAE220034B8D1 /* ViewController.h */ = {isa = PBXFileReference; lastKnownFileType = sourcecode.c.h; path = ViewController.h; sourceTree = "<group>"; };
		3FD9F9A6259DAE220034B8D1 /* ViewController.m */ = {isa = PBXFileReference; lastKnownFileType = sourcecode.c.objc; path = ViewController.m; sourceTree = "<group>"; };
		3FD9F9A9259DAE220034B8D1 /* Base */ = {isa = PBXFileReference; lastKnownFileType = file.storyboard; name = Base; path = Base.lproj/Main.storyboard; sourceTree = "<group>"; };
		3FD9F9AB259DAE230034B8D1 /* Assets.xcassets */ = {isa = PBXFileReference; lastKnownFileType = folder.assetcatalog; path = Assets.xcassets; sourceTree = "<group>"; };
		3FD9F9AE259DAE230034B8D1 /* Base */ = {isa = PBXFileReference; lastKnownFileType = file.storyboard; name = Base; path = Base.lproj/LaunchScreen.storyboard; sourceTree = "<group>"; };
		3FD9F9B0259DAE230034B8D1 /* Info.plist */ = {isa = PBXFileReference; lastKnownFileType = text.plist.xml; path = Info.plist; sourceTree = "<group>"; };
		3FD9F9B1259DAE230034B8D1 /* main.m */ = {isa = PBXFileReference; lastKnownFileType = sourcecode.c.objc; path = main.m; sourceTree = "<group>"; };
		3FD9F9BD259DAEFA0034B8D1 /* PrefixHeader.pch */ = {isa = PBXFileReference; lastKnownFileType = sourcecode.c.h; path = PrefixHeader.pch; sourceTree = "<group>"; };
		3FD9F9C1259DB20A0034B8D1 /* TableViewController.h */ = {isa = PBXFileReference; lastKnownFileType = sourcecode.c.h; path = TableViewController.h; sourceTree = "<group>"; };
		3FD9F9C2259DB20A0034B8D1 /* TableViewController.m */ = {isa = PBXFileReference; lastKnownFileType = sourcecode.c.objc; path = TableViewController.m; sourceTree = "<group>"; };
		3FD9F9C5259DB2440034B8D1 /* SilderViewController.h */ = {isa = PBXFileReference; lastKnownFileType = sourcecode.c.h; path = SilderViewController.h; sourceTree = "<group>"; };
		3FD9F9C6259DB2440034B8D1 /* SilderViewController.m */ = {isa = PBXFileReference; lastKnownFileType = sourcecode.c.objc; path = SilderViewController.m; sourceTree = "<group>"; };
		3FD9F9C8259DB2600034B8D1 /* BaseViewViewController.h */ = {isa = PBXFileReference; lastKnownFileType = sourcecode.c.h; path = BaseViewViewController.h; sourceTree = "<group>"; };
		3FD9F9C9259DB2600034B8D1 /* BaseViewViewController.m */ = {isa = PBXFileReference; lastKnownFileType = sourcecode.c.objc; path = BaseViewViewController.m; sourceTree = "<group>"; };
		A3A9BD032BA5E4151339BBFB /* Pods-TKUIKitDemo.debug.xcconfig */ = {isa = PBXFileReference; includeInIndex = 1; lastKnownFileType = text.xcconfig; name = "Pods-TKUIKitDemo.debug.xcconfig"; path = "Target Support Files/Pods-TKUIKitDemo/Pods-TKUIKitDemo.debug.xcconfig"; sourceTree = "<group>"; };
		CB84E9E1CC19A4A233A191CE /* Pods_TKUIKitDemo.framework */ = {isa = PBXFileReference; explicitFileType = wrapper.framework; includeInIndex = 0; path = Pods_TKUIKitDemo.framework; sourceTree = BUILT_PRODUCTS_DIR; };
/* End PBXFileReference section */

/* Begin PBXFrameworksBuildPhase section */
		3FD9F999259DAE220034B8D1 /* Frameworks */ = {
			isa = PBXFrameworksBuildPhase;
			buildActionMask = 2147483647;
			files = (
				9AD73BCE6FED567D38AA845B /* Pods_TKUIKitDemo.framework in Frameworks */,
			);
			runOnlyForDeploymentPostprocessing = 0;
		};
/* End PBXFrameworksBuildPhase section */

/* Begin PBXGroup section */
		224F75F5FE1DE830AFC191DA /* Frameworks */ = {
			isa = PBXGroup;
			children = (
				CB84E9E1CC19A4A233A191CE /* Pods_TKUIKitDemo.framework */,
			);
			name = Frameworks;
			sourceTree = "<group>";
		};
		3F33996B25A4BE3C00F623AB /* Photo */ = {
			isa = PBXGroup;
			children = (
				3F9987CF25A353C0008E3479 /* TKSystemPhotoPicker.h */,
				3F9987D025A353C0008E3479 /* TKSystemPhotoPicker.m */,
			);
			path = Photo;
			sourceTree = "<group>";
		};
		3F8118D125A1DE0B005F6084 /* View */ = {
			isa = PBXGroup;
			children = (
				3F9987C625A33EA9008E3479 /* Progress */,
				3F9987C525A33E8D008E3479 /* Alert */,
				3F8118D525A1DE0B005F6084 /* TKViewDefine.h */,
			);
			path = View;
			sourceTree = "<group>";
		};
		3F8118D825A1DE0B005F6084 /* Core */ = {
			isa = PBXGroup;
			children = (
				3F9987C725A348C9008E3479 /* TKAnimation */,
				3F9987AC25A3074E008E3479 /* TKKenBurnsView */,
				3F9987B325A3081C008E3479 /* TKSphereTagCloud */,
				3F9987A825A30350008E3479 /* TKUIBaseXib.h */,
				3F9987A925A30350008E3479 /* TKUIBaseXib.m */,
				3F9987A725A2FE17008E3479 /* TKUIImportSDK.h */,
				3F9987BB25A308E6008E3479 /* TKUICoreDefine.h */,
			);
			path = Core;
			sourceTree = "<group>";
		};
		3F9987AC25A3074E008E3479 /* TKKenBurnsView */ = {
			isa = PBXGroup;
			children = (
				3F9987AF25A3074E008E3479 /* TKKenBurnsView.h */,
				3F9987AD25A3074E008E3479 /* TKKenBurnsView.m */,
				3F9987B025A3074E008E3479 /* UIView+General.h */,
				3F9987AE25A3074E008E3479 /* UIView+General.m */,
			);
			path = TKKenBurnsView;
			sourceTree = "<group>";
		};
		3F9987B325A3081C008E3479 /* TKSphereTagCloud */ = {
			isa = PBXGroup;
			children = (
				3F9987B625A3081C008E3479 /* TKMatrix.h */,
				3F9987B425A3081C008E3479 /* TKPoint.h */,
				3F9987B725A3081C008E3479 /* TKSphereView.h */,
				3F9987B525A3081C008E3479 /* TKSphereView.m */,
			);
			path = TKSphereTagCloud;
			sourceTree = "<group>";
		};
		3F9987C525A33E8D008E3479 /* Alert */ = {
			isa = PBXGroup;
			children = (
				3F9987BC25A30FD6008E3479 /* TKAlertController.h */,
				3F9987BD25A30FD6008E3479 /* TKAlertController.m */,
				3F8118D325A1DE0B005F6084 /* TKAlertView.h */,
				3F8118D725A1DE0B005F6084 /* TKAlertView.m */,
				3F954E5F25A1FA6400633D3F /* TKAlertView.xib */,
				3F9987CB25A34930008E3479 /* TKMBProgressHUD.h */,
				3F9987CC25A34938008E3479 /* TKMBProgressHUD.m */,
				3F9987C225A32428008E3479 /* UIAlertAction+Mark.h */,
				3F9987C325A32428008E3479 /* UIAlertAction+Mark.m */,
			);
			path = Alert;
			sourceTree = "<group>";
		};
		3F9987C625A33EA9008E3479 /* Progress */ = {
			isa = PBXGroup;
			children = (
				3F8118D625A1DE0B005F6084 /* TKSlider.h */,
				3F8118D225A1DE0B005F6084 /* TKSlider.m */,
			);
			path = Progress;
			sourceTree = "<group>";
		};
		3F9987C725A348C9008E3479 /* TKAnimation */ = {
			isa = PBXGroup;
			children = (
				3F9987C825A348C9008E3479 /* TKAnimation.h */,
				3F9987C925A348C9008E3479 /* TKAnimation.m */,
			);
			path = TKAnimation;
			sourceTree = "<group>";
		};
		3F9987CE25A3524E008E3479 /* Tool */ = {
			isa = PBXGroup;
			children = (
				3F33996B25A4BE3C00F623AB /* Photo */,
			);
			path = Tool;
			sourceTree = "<group>";
		};
		3FD9F993259DAE220034B8D1 = {
			isa = PBXGroup;
			children = (
				3FD9F9BA259DAEAE0034B8D1 /* TKUIKit */,
				3FD9F99E259DAE220034B8D1 /* TKUIKitDemo */,
				3FD9F99D259DAE220034B8D1 /* Products */,
				69A0C8B0103D87297AECE0F2 /* Pods */,
				224F75F5FE1DE830AFC191DA /* Frameworks */,
			);
			sourceTree = "<group>";
		};
		3FD9F99D259DAE220034B8D1 /* Products */ = {
			isa = PBXGroup;
			children = (
				3FD9F99C259DAE220034B8D1 /* TKUIKitDemo.app */,
			);
			name = Products;
			sourceTree = "<group>";
		};
		3FD9F99E259DAE220034B8D1 /* TKUIKitDemo */ = {
			isa = PBXGroup;
			children = (
				3FD9F99F259DAE220034B8D1 /* AppDelegate.h */,
				3FD9F9A0259DAE220034B8D1 /* AppDelegate.m */,
				3FD9F9A2259DAE220034B8D1 /* SceneDelegate.h */,
				3FD9F9A3259DAE220034B8D1 /* SceneDelegate.m */,
				3FD9F9A5259DAE220034B8D1 /* ViewController.h */,
				3FD9F9A6259DAE220034B8D1 /* ViewController.m */,
				3FD9F9C1259DB20A0034B8D1 /* TableViewController.h */,
				3FD9F9C2259DB20A0034B8D1 /* TableViewController.m */,
				3FD9F9C8259DB2600034B8D1 /* BaseViewViewController.h */,
				3FD9F9C9259DB2600034B8D1 /* BaseViewViewController.m */,
				3F9987BF25A314CB008E3479 /* UIView+Controller.h */,
				3F9987C025A314CB008E3479 /* UIView+Controller.m */,
				3FD9F9C4259DB22A0034B8D1 /* Test */,
				3FD9F9A8259DAE220034B8D1 /* Main.storyboard */,
				3FD9F9AB259DAE230034B8D1 /* Assets.xcassets */,
				3FD9F9AD259DAE230034B8D1 /* LaunchScreen.storyboard */,
				3FD9F9B0259DAE230034B8D1 /* Info.plist */,
				3FD9F9B1259DAE230034B8D1 /* main.m */,
				3FD9F9BD259DAEFA0034B8D1 /* PrefixHeader.pch */,
			);
			path = TKUIKitDemo;
			sourceTree = "<group>";
		};
		3FD9F9BA259DAEAE0034B8D1 /* TKUIKit */ = {
			isa = PBXGroup;
			children = (
				3F8118D025A1DE0B005F6084 /* TKUIKit.h */,
				3F8118D825A1DE0B005F6084 /* Core */,
				3F9987CE25A3524E008E3479 /* Tool */,
				3F8118D125A1DE0B005F6084 /* View */,
			);
			path = TKUIKit;
			sourceTree = "<group>";
		};
		3FD9F9C4259DB22A0034B8D1 /* Test */ = {
			isa = PBXGroup;
			children = (
				3FD9F9C5259DB2440034B8D1 /* SilderViewController.h */,
				3FD9F9C6259DB2440034B8D1 /* SilderViewController.m */,
				3F8118C625A1C414005F6084 /* AlertViewController.h */,
				3F8118C725A1C414005F6084 /* AlertViewController.m */,
				3F18230725A0B59500C2F574 /* NSObject+A.h */,
				3F18230825A0B59500C2F574 /* NSObject+A.m */,
				3F18230A25A0B5A000C2F574 /* NSObject+B.h */,
				3F18230B25A0B5A000C2F574 /* NSObject+B.m */,
			);
			path = Test;
			sourceTree = "<group>";
		};
		69A0C8B0103D87297AECE0F2 /* Pods */ = {
			isa = PBXGroup;
			children = (
				A3A9BD032BA5E4151339BBFB /* Pods-TKUIKitDemo.debug.xcconfig */,
				2E2F947C2C367C39646F4D22 /* Pods-TKUIKitDemo.release.xcconfig */,
			);
			path = Pods;
			sourceTree = "<group>";
		};
/* End PBXGroup section */

/* Begin PBXNativeTarget section */
		3FD9F99B259DAE220034B8D1 /* TKUIKitDemo */ = {
			isa = PBXNativeTarget;
			buildConfigurationList = 3FD9F9B5259DAE230034B8D1 /* Build configuration list for PBXNativeTarget "TKUIKitDemo" */;
			buildPhases = (
				F64C170C1695527B78FADA73 /* [CP] Check Pods Manifest.lock */,
				3FD9F998259DAE220034B8D1 /* Sources */,
				3FD9F999259DAE220034B8D1 /* Frameworks */,
				3FD9F99A259DAE220034B8D1 /* Resources */,
				D1B45DEEF80A426989AB2617 /* [CP] Embed Pods Frameworks */,
				5528B5C3B93E8F07B2BB9E37 /* [CP] Copy Pods Resources */,
			);
			buildRules = (
			);
			dependencies = (
			);
			name = TKUIKitDemo;
			productName = TKUIKitDemo;
			productReference = 3FD9F99C259DAE220034B8D1 /* TKUIKitDemo.app */;
			productType = "com.apple.product-type.application";
		};
/* End PBXNativeTarget section */

/* Begin PBXProject section */
		3FD9F994259DAE220034B8D1 /* Project object */ = {
			isa = PBXProject;
			attributes = {
				LastUpgradeCheck = 1170;
				ORGANIZATIONNAME = "芮淼一线";
				TargetAttributes = {
					3FD9F99B259DAE220034B8D1 = {
						CreatedOnToolsVersion = 11.7;
					};
				};
			};
			buildConfigurationList = 3FD9F997259DAE220034B8D1 /* Build configuration list for PBXProject "TKUIKitDemo" */;
			compatibilityVersion = "Xcode 9.3";
			developmentRegion = en;
			hasScannedForEncodings = 0;
			knownRegions = (
				en,
				Base,
			);
			mainGroup = 3FD9F993259DAE220034B8D1;
			productRefGroup = 3FD9F99D259DAE220034B8D1 /* Products */;
			projectDirPath = "";
			projectRoot = "";
			targets = (
				3FD9F99B259DAE220034B8D1 /* TKUIKitDemo */,
			);
		};
/* End PBXProject section */

/* Begin PBXResourcesBuildPhase section */
		3FD9F99A259DAE220034B8D1 /* Resources */ = {
			isa = PBXResourcesBuildPhase;
			buildActionMask = 2147483647;
			files = (
				3FD9F9AF259DAE230034B8D1 /* LaunchScreen.storyboard in Resources */,
				3FD9F9AC259DAE230034B8D1 /* Assets.xcassets in Resources */,
				3F954E6025A1FA6400633D3F /* TKAlertView.xib in Resources */,
				3FD9F9AA259DAE220034B8D1 /* Main.storyboard in Resources */,
			);
			runOnlyForDeploymentPostprocessing = 0;
		};
/* End PBXResourcesBuildPhase section */

/* Begin PBXShellScriptBuildPhase section */
		5528B5C3B93E8F07B2BB9E37 /* [CP] Copy Pods Resources */ = {
			isa = PBXShellScriptBuildPhase;
			buildActionMask = 2147483647;
			files = (
			);
			inputFileListPaths = (
				"${PODS_ROOT}/Target Support Files/Pods-TKUIKitDemo/Pods-TKUIKitDemo-resources-${CONFIGURATION}-input-files.xcfilelist",
			);
			name = "[CP] Copy Pods Resources";
			outputFileListPaths = (
				"${PODS_ROOT}/Target Support Files/Pods-TKUIKitDemo/Pods-TKUIKitDemo-resources-${CONFIGURATION}-output-files.xcfilelist",
			);
			runOnlyForDeploymentPostprocessing = 0;
			shellPath = /bin/sh;
			shellScript = "\"${PODS_ROOT}/Target Support Files/Pods-TKUIKitDemo/Pods-TKUIKitDemo-resources.sh\"\n";
			showEnvVarsInLog = 0;
		};
		D1B45DEEF80A426989AB2617 /* [CP] Embed Pods Frameworks */ = {
			isa = PBXShellScriptBuildPhase;
			buildActionMask = 2147483647;
			files = (
			);
			inputFileListPaths = (
				"${PODS_ROOT}/Target Support Files/Pods-TKUIKitDemo/Pods-TKUIKitDemo-frameworks-${CONFIGURATION}-input-files.xcfilelist",
			);
			name = "[CP] Embed Pods Frameworks";
			outputFileListPaths = (
				"${PODS_ROOT}/Target Support Files/Pods-TKUIKitDemo/Pods-TKUIKitDemo-frameworks-${CONFIGURATION}-output-files.xcfilelist",
			);
			runOnlyForDeploymentPostprocessing = 0;
			shellPath = /bin/sh;
			shellScript = "\"${PODS_ROOT}/Target Support Files/Pods-TKUIKitDemo/Pods-TKUIKitDemo-frameworks.sh\"\n";
			showEnvVarsInLog = 0;
		};
		F64C170C1695527B78FADA73 /* [CP] Check Pods Manifest.lock */ = {
			isa = PBXShellScriptBuildPhase;
			buildActionMask = 2147483647;
			files = (
			);
			inputFileListPaths = (
			);
			inputPaths = (
				"${PODS_PODFILE_DIR_PATH}/Podfile.lock",
				"${PODS_ROOT}/Manifest.lock",
			);
			name = "[CP] Check Pods Manifest.lock";
			outputFileListPaths = (
			);
			outputPaths = (
				"$(DERIVED_FILE_DIR)/Pods-TKUIKitDemo-checkManifestLockResult.txt",
			);
			runOnlyForDeploymentPostprocessing = 0;
			shellPath = /bin/sh;
			shellScript = "diff \"${PODS_PODFILE_DIR_PATH}/Podfile.lock\" \"${PODS_ROOT}/Manifest.lock\" > /dev/null\nif [ $? != 0 ] ; then\n    # print error to STDERR\n    echo \"error: The sandbox is not in sync with the Podfile.lock. Run 'pod install' or update your CocoaPods installation.\" >&2\n    exit 1\nfi\n# This output is used by Xcode 'outputs' to avoid re-running this script phase.\necho \"SUCCESS\" > \"${SCRIPT_OUTPUT_FILE_0}\"\n";
			showEnvVarsInLog = 0;
		};
/* End PBXShellScriptBuildPhase section */

/* Begin PBXSourcesBuildPhase section */
		3FD9F998259DAE220034B8D1 /* Sources */ = {
			isa = PBXSourcesBuildPhase;
			buildActionMask = 2147483647;
			files = (
				3FD9F9CA259DB2600034B8D1 /* BaseViewViewController.m in Sources */,
				3FD9F9A7259DAE220034B8D1 /* ViewController.m in Sources */,
				3FD9F9C3259DB20A0034B8D1 /* TableViewController.m in Sources */,
				3FD9F9A1259DAE220034B8D1 /* AppDelegate.m in Sources */,
				3F18230C25A0B5A000C2F574 /* NSObject+B.m in Sources */,
				3F9987B125A3074E008E3479 /* TKKenBurnsView.m in Sources */,
				3F9987CD25A34938008E3479 /* TKMBProgressHUD.m in Sources */,
				3F18230925A0B59500C2F574 /* NSObject+A.m in Sources */,
				3F8118DE25A1DE0B005F6084 /* TKAlertView.m in Sources */,
				3F9987C425A32428008E3479 /* UIAlertAction+Mark.m in Sources */,
				3F9987BE25A30FD6008E3479 /* TKAlertController.m in Sources */,
				3FD9F9B2259DAE230034B8D1 /* main.m in Sources */,
				3F8118DC25A1DE0B005F6084 /* TKSlider.m in Sources */,
				3F9987C125A314CB008E3479 /* UIView+Controller.m in Sources */,
				3F9987B825A3081C008E3479 /* TKSphereView.m in Sources */,
				3FD9F9A4259DAE220034B8D1 /* SceneDelegate.m in Sources */,
				3F9987D125A353C0008E3479 /* TKSystemPhotoPicker.m in Sources */,
				3FD9F9C7259DB2440034B8D1 /* SilderViewController.m in Sources */,
				3F9987B225A3074E008E3479 /* UIView+General.m in Sources */,
				3F9987AA25A30350008E3479 /* TKUIBaseXib.m in Sources */,
				3F8118C825A1C414005F6084 /* AlertViewController.m in Sources */,
				3F9987CA25A348C9008E3479 /* TKAnimation.m in Sources */,
			);
			runOnlyForDeploymentPostprocessing = 0;
		};
/* End PBXSourcesBuildPhase section */

/* Begin PBXVariantGroup section */
		3FD9F9A8259DAE220034B8D1 /* Main.storyboard */ = {
			isa = PBXVariantGroup;
			children = (
				3FD9F9A9259DAE220034B8D1 /* Base */,
			);
			name = Main.storyboard;
			sourceTree = "<group>";
		};
		3FD9F9AD259DAE230034B8D1 /* LaunchScreen.storyboard */ = {
			isa = PBXVariantGroup;
			children = (
				3FD9F9AE259DAE230034B8D1 /* Base */,
			);
			name = LaunchScreen.storyboard;
			sourceTree = "<group>";
		};
/* End PBXVariantGroup section */

/* Begin XCBuildConfiguration section */
		3FD9F9B3259DAE230034B8D1 /* Debug */ = {
			isa = XCBuildConfiguration;
			buildSettings = {
				ALWAYS_SEARCH_USER_PATHS = NO;
				CLANG_ANALYZER_NONNULL = YES;
				CLANG_ANALYZER_NUMBER_OBJECT_CONVERSION = YES_AGGRESSIVE;
				CLANG_CXX_LANGUAGE_STANDARD = "gnu++14";
				CLANG_CXX_LIBRARY = "libc++";
				CLANG_ENABLE_MODULES = YES;
				CLANG_ENABLE_OBJC_ARC = YES;
				CLANG_ENABLE_OBJC_WEAK = YES;
				CLANG_WARN_BLOCK_CAPTURE_AUTORELEASING = YES;
				CLANG_WARN_BOOL_CONVERSION = YES;
				CLANG_WARN_COMMA = YES;
				CLANG_WARN_CONSTANT_CONVERSION = YES;
				CLANG_WARN_DEPRECATED_OBJC_IMPLEMENTATIONS = YES;
				CLANG_WARN_DIRECT_OBJC_ISA_USAGE = YES_ERROR;
				CLANG_WARN_DOCUMENTATION_COMMENTS = YES;
				CLANG_WARN_EMPTY_BODY = YES;
				CLANG_WARN_ENUM_CONVERSION = YES;
				CLANG_WARN_INFINITE_RECURSION = YES;
				CLANG_WARN_INT_CONVERSION = YES;
				CLANG_WARN_NON_LITERAL_NULL_CONVERSION = YES;
				CLANG_WARN_OBJC_IMPLICIT_RETAIN_SELF = YES;
				CLANG_WARN_OBJC_LITERAL_CONVERSION = YES;
				CLANG_WARN_OBJC_ROOT_CLASS = YES_ERROR;
				CLANG_WARN_RANGE_LOOP_ANALYSIS = YES;
				CLANG_WARN_STRICT_PROTOTYPES = YES;
				CLANG_WARN_SUSPICIOUS_MOVE = YES;
				CLANG_WARN_UNGUARDED_AVAILABILITY = YES_AGGRESSIVE;
				CLANG_WARN_UNREACHABLE_CODE = YES;
				CLANG_WARN__DUPLICATE_METHOD_MATCH = YES;
				COPY_PHASE_STRIP = NO;
				DEBUG_INFORMATION_FORMAT = dwarf;
				ENABLE_STRICT_OBJC_MSGSEND = YES;
				ENABLE_TESTABILITY = YES;
				GCC_C_LANGUAGE_STANDARD = gnu11;
				GCC_DYNAMIC_NO_PIC = NO;
				GCC_NO_COMMON_BLOCKS = YES;
				GCC_OPTIMIZATION_LEVEL = 0;
				GCC_PREPROCESSOR_DEFINITIONS = (
					"DEBUG=1",
					"$(inherited)",
				);
				GCC_WARN_64_TO_32_BIT_CONVERSION = YES;
				GCC_WARN_ABOUT_RETURN_TYPE = YES_ERROR;
				GCC_WARN_UNDECLARED_SELECTOR = YES;
				GCC_WARN_UNINITIALIZED_AUTOS = YES_AGGRESSIVE;
				GCC_WARN_UNUSED_FUNCTION = YES;
				GCC_WARN_UNUSED_VARIABLE = YES;
				IPHONEOS_DEPLOYMENT_TARGET = 13.7;
				MTL_ENABLE_DEBUG_INFO = INCLUDE_SOURCE;
				MTL_FAST_MATH = YES;
				ONLY_ACTIVE_ARCH = YES;
				SDKROOT = iphoneos;
			};
			name = Debug;
		};
		3FD9F9B4259DAE230034B8D1 /* Release */ = {
			isa = XCBuildConfiguration;
			buildSettings = {
				ALWAYS_SEARCH_USER_PATHS = NO;
				CLANG_ANALYZER_NONNULL = YES;
				CLANG_ANALYZER_NUMBER_OBJECT_CONVERSION = YES_AGGRESSIVE;
				CLANG_CXX_LANGUAGE_STANDARD = "gnu++14";
				CLANG_CXX_LIBRARY = "libc++";
				CLANG_ENABLE_MODULES = YES;
				CLANG_ENABLE_OBJC_ARC = YES;
				CLANG_ENABLE_OBJC_WEAK = YES;
				CLANG_WARN_BLOCK_CAPTURE_AUTORELEASING = YES;
				CLANG_WARN_BOOL_CONVERSION = YES;
				CLANG_WARN_COMMA = YES;
				CLANG_WARN_CONSTANT_CONVERSION = YES;
				CLANG_WARN_DEPRECATED_OBJC_IMPLEMENTATIONS = YES;
				CLANG_WARN_DIRECT_OBJC_ISA_USAGE = YES_ERROR;
				CLANG_WARN_DOCUMENTATION_COMMENTS = YES;
				CLANG_WARN_EMPTY_BODY = YES;
				CLANG_WARN_ENUM_CONVERSION = YES;
				CLANG_WARN_INFINITE_RECURSION = YES;
				CLANG_WARN_INT_CONVERSION = YES;
				CLANG_WARN_NON_LITERAL_NULL_CONVERSION = YES;
				CLANG_WARN_OBJC_IMPLICIT_RETAIN_SELF = YES;
				CLANG_WARN_OBJC_LITERAL_CONVERSION = YES;
				CLANG_WARN_OBJC_ROOT_CLASS = YES_ERROR;
				CLANG_WARN_RANGE_LOOP_ANALYSIS = YES;
				CLANG_WARN_STRICT_PROTOTYPES = YES;
				CLANG_WARN_SUSPICIOUS_MOVE = YES;
				CLANG_WARN_UNGUARDED_AVAILABILITY = YES_AGGRESSIVE;
				CLANG_WARN_UNREACHABLE_CODE = YES;
				CLANG_WARN__DUPLICATE_METHOD_MATCH = YES;
				COPY_PHASE_STRIP = NO;
				DEBUG_INFORMATION_FORMAT = "dwarf-with-dsym";
				ENABLE_NS_ASSERTIONS = NO;
				ENABLE_STRICT_OBJC_MSGSEND = YES;
				GCC_C_LANGUAGE_STANDARD = gnu11;
				GCC_NO_COMMON_BLOCKS = YES;
				GCC_WARN_64_TO_32_BIT_CONVERSION = YES;
				GCC_WARN_ABOUT_RETURN_TYPE = YES_ERROR;
				GCC_WARN_UNDECLARED_SELECTOR = YES;
				GCC_WARN_UNINITIALIZED_AUTOS = YES_AGGRESSIVE;
				GCC_WARN_UNUSED_FUNCTION = YES;
				GCC_WARN_UNUSED_VARIABLE = YES;
				IPHONEOS_DEPLOYMENT_TARGET = 13.7;
				MTL_ENABLE_DEBUG_INFO = NO;
				MTL_FAST_MATH = YES;
				SDKROOT = iphoneos;
				VALIDATE_PRODUCT = YES;
			};
			name = Release;
		};
		3FD9F9B6259DAE230034B8D1 /* Debug */ = {
			isa = XCBuildConfiguration;
			baseConfigurationReference = A3A9BD032BA5E4151339BBFB /* Pods-TKUIKitDemo.debug.xcconfig */;
			buildSettings = {
				ASSETCATALOG_COMPILER_APPICON_NAME = AppIcon;
				CODE_SIGN_STYLE = Automatic;
				DEVELOPMENT_TEAM = 39E8LG3NH3;
				GCC_PREFIX_HEADER = "$(PROJECT_DIR)/$(PROJECT_NAME)/PrefixHeader.pch";
				INFOPLIST_FILE = TKUIKitDemo/Info.plist;
				IPHONEOS_DEPLOYMENT_TARGET = 9.0;
				LD_RUNPATH_SEARCH_PATHS = (
					"$(inherited)",
					"@executable_path/Frameworks",
				);
				PRODUCT_BUNDLE_IDENTIFIER = com.sayaDev.TKUIKitDemo;
				PRODUCT_NAME = "$(TARGET_NAME)";
				TARGETED_DEVICE_FAMILY = "1,2";
			};
			name = Debug;
		};
		3FD9F9B7259DAE230034B8D1 /* Release */ = {
			isa = XCBuildConfiguration;
			baseConfigurationReference = 2E2F947C2C367C39646F4D22 /* Pods-TKUIKitDemo.release.xcconfig */;
			buildSettings = {
				ASSETCATALOG_COMPILER_APPICON_NAME = AppIcon;
				CODE_SIGN_STYLE = Automatic;
				DEVELOPMENT_TEAM = 39E8LG3NH3;
				GCC_PREFIX_HEADER = "$(PROJECT_DIR)/$(PROJECT_NAME)/PrefixHeader.pch";
				INFOPLIST_FILE = TKUIKitDemo/Info.plist;
				IPHONEOS_DEPLOYMENT_TARGET = 9.0;
				LD_RUNPATH_SEARCH_PATHS = (
					"$(inherited)",
					"@executable_path/Frameworks",
				);
				PRODUCT_BUNDLE_IDENTIFIER = com.sayaDev.TKUIKitDemo;
				PRODUCT_NAME = "$(TARGET_NAME)";
				TARGETED_DEVICE_FAMILY = "1,2";
			};
			name = Release;
		};
/* End XCBuildConfiguration section */

/* Begin XCConfigurationList section */
		3FD9F997259DAE220034B8D1 /* Build configuration list for PBXProject "TKUIKitDemo" */ = {
			isa = XCConfigurationList;
			buildConfigurations = (
				3FD9F9B3259DAE230034B8D1 /* Debug */,
				3FD9F9B4259DAE230034B8D1 /* Release */,
			);
			defaultConfigurationIsVisible = 0;
			defaultConfigurationName = Release;
		};
		3FD9F9B5259DAE230034B8D1 /* Build configuration list for PBXNativeTarget "TKUIKitDemo" */ = {
			isa = XCConfigurationList;
			buildConfigurations = (
				3FD9F9B6259DAE230034B8D1 /* Debug */,
				3FD9F9B7259DAE230034B8D1 /* Release */,
			);
			defaultConfigurationIsVisible = 0;
			defaultConfigurationName = Release;
		};
/* End XCConfigurationList section */
	};
	rootObject = 3FD9F994259DAE220034B8D1 /* Project object */;
}
